Microsoft Visual Studio Solution File, Format Version 12.00
# Visual Studio Version 17
VisualStudioVersion = 17.5.2.0
MinimumVisualStudioVersion = 10.0.40219.1
Project("{FAE04EC0-301F-11D3-BF4B-00C04F79EFBC}") = "MissionControl.API", "MissionControl.API.csproj", "{2E6984BF-D580-32CC-472D-3DDE0021D377}"
EndProject
Global
	GlobalSection(SolutionConfigurationPlatforms) = preSolution
		Debug|Any CPU = Debug|Any CPU
		Release|Any CPU = Release|Any CPU
	EndGlobalSection
	GlobalSection(ProjectConfigurationPlatforms) = postSolution
		{2E6984BF-D580-32CC-472D-3DDE0021D377}.Debug|Any CPU.ActiveCfg = Debug|Any CPU
		{2E6984BF-D580-32CC-472D-3DDE0021D377}.Debug|Any CPU.Build.0 = Debug|Any CPU
		{2E6984BF-D580-32CC-472D-3DDE0021D377}.Release|Any CPU.ActiveCfg = Release|Any CPU
		{2E6984BF-D580-32CC-472D-3DDE0021D377}.Release|Any CPU.Build.0 = Release|Any CPU
	EndGlobalSection
	GlobalSection(SolutionProperties) = preSolution
		HideSolutionNode = FALSE
	EndGlobalSection
	GlobalSection(ExtensibilityGlobals) = postSolution
		SolutionGuid = {BF1A53A0-3BF2-4DC3-A8DA-15B127B1BACC}
	EndGlobalSection
EndGlobal
